
Microsoft Visual Studio Solution File, Format Version 12.00
# Visual Studio Version 17
VisualStudioVersion = 17.7.34221.43
MinimumVisualStudioVersion = 10.0.40219.1
Project("{FAE04EC0-301F-11D3-BF4B-00C04F79EFBC}") = "HelloWorld", "HelloWorld.csproj", "{38E30365-B798-4ECB-9C3D-1D7E3C049465}"
EndProject
Global
	GlobalSection(SolutionConfigurationPlatforms) = preSolution
		Debug|Any CPU = Debug|Any CPU
		Release|Any CPU = Release|Any CPU
	EndGlobalSection
	GlobalSection(ProjectConfigurationPlatforms) = postSolution
		{38E30365-B798-4ECB-9C3D-1D7E3C049465}.Debug|Any CPU.ActiveCfg = Debug|Any CPU
		{38E30365-B798-4ECB-9C3D-1D7E3C049465}.Debug|Any CPU.Build.0 = Debug|Any CPU
		{38E30365-B798-4ECB-9C3D-1D7E3C049465}.Release|Any CPU.ActiveCfg = Release|Any CPU
		{38E30365-B798-4ECB-9C3D-1D7E3C049465}.Release|Any CPU.Build.0 = Release|Any CPU
	EndGlobalSection
	GlobalSection(SolutionProperties) = preSolution
		HideSolutionNode = FALSE
	EndGlobalSection
	GlobalSection(ExtensibilityGlobals) = postSolution
		SolutionGuid = {22B75BF0-A72B-4B9A-80E4-B3E667C0E0CA}
	EndGlobalSection
EndGlobal
